# THIS IS AN AUTOGENERATED FILE. DO NOT EDIT THIS FILE DIRECTLY.
# yarn lockfile v1

bittorrent-tracker@^9.0.0, bittorrent-tracker@^9.17.4:
  version "9.18.0"
  resolved "https://registry.yarnpkg.com/bittorrent-tracker/-/bittorrent-tracker-9.18.0.tgz#d15716ebf35144da95732fefa9727ec880f6a3f2"
  integrity sha512-bZhW94TOExkRhn9g67SLWjGfT6seSlT//+oG7+AFve0wQP6DMNSnu7ued6McsTMaL+XivNFCE9YVWPbQ4moTYA==
  dependencies:
    bencode "^2.0.1"
  optionalDependencies:
    bufferutil "^4.0.3"
    utf-8-validate "^5.0.5"
